
Microsoft Visual Studio Solution File, Format Version 12.00
# Visual Studio 2013
VisualStudioVersion = 12.0.31101.0
MinimumVisualStudioVersion = 10.0.40219.1
Project("{FAE04EC0-301F-11D3-BF4B-00C04F79EFBC}") = "OneHUD", "OneHUD.csproj", "{93DD9A53-1B0D-420F-BCCC-61AD40FF9864}"
	ProjectSection(ProjectDependencies) = postProject
		{D0CE7037-F32F-492F-8812-9956345E4BF0} = {D0CE7037-F32F-492F-8812-9956345E4BF0}
		{06E43073-7011-4B38-82E1-4E100E4BA5AB} = {06E43073-7011-4B38-82E1-4E100E4BA5AB}
		{72631B85-EB9A-473E-9B4C-65B355A9000D} = {72631B85-EB9A-473E-9B4C-65B355A9000D}
		{D6DB568B-35B3-49EB-8CB3-E4E5F1424247} = {D6DB568B-35B3-49EB-8CB3-E4E5F1424247}
		{D9BA97DA-4F23-4945-A8DC-08B721F84BDE} = {D9BA97DA-4F23-4945-A8DC-08B721F84BDE}
		{1765E7DB-BEE4-4324-A396-923D80B61EA0} = {1765E7DB-BEE4-4324-A396-923D80B61EA0}
		{C41968FA-A182-45EB-A814-712F075953ED} = {C41968FA-A182-45EB-A814-712F075953ED}
	EndProjectSection
EndProject
Project("{FAE04EC0-301F-11D3-BF4B-00C04F79EFBC}") = "iRSDKSharp", "..\..\iRacingSdkWrapper\irsdkSharp\iRSDKSharp.csproj", "{72631B85-EB9A-473E-9B4C-65B355A9000D}"
EndProject
Project("{FAE04EC0-301F-11D3-BF4B-00C04F79EFBC}") = "iRacingSimulator", "..\..\iRacingSdkWrapper\iRacingSimulator\iRacingSimulator.csproj", "{1765E7DB-BEE4-4324-A396-923D80B61EA0}"
EndProject
Project("{FAE04EC0-301F-11D3-BF4B-00C04F79EFBC}") = "iRacingSdkWrapper", "..\..\iRacingSdkWrapper\iRacingSdkWrapper\iRacingSdkWrapper.csproj", "{D6DB568B-35B3-49EB-8CB3-E4E5F1424247}"
EndProject
Project("{FAE04EC0-301F-11D3-BF4B-00C04F79EFBC}") = "OneHUDInterface", "..\AGServerInterface\OneHUDInterface.csproj", "{212DDA7C-2447-478D-AAED-09DC4BEE3241}"
EndProject
Project("{FAE04EC0-301F-11D3-BF4B-00C04F79EFBC}") = "iRacing", "..\iRacing\iRacing.csproj", "{06E43073-7011-4B38-82E1-4E100E4BA5AB}"
EndProject
Project("{FAE04EC0-301F-11D3-BF4B-00C04F79EFBC}") = "ProjectCars", "..\ProjectCars\ProjectCars.csproj", "{C41968FA-A182-45EB-A814-712F075953ED}"
EndProject
Project("{FAE04EC0-301F-11D3-BF4B-00C04F79EFBC}") = "AssettoCorsa", "..\AssettoCorsa\AssettoCorsa.csproj", "{D9BA97DA-4F23-4945-A8DC-08B721F84BDE}"
EndProject
Project("{FAE04EC0-301F-11D3-BF4B-00C04F79EFBC}") = "RaceRoom", "..\RaceRoom\RaceRoom.csproj", "{D0CE7037-F32F-492F-8812-9956345E4BF0}"
EndProject
Project("{FAE04EC0-301F-11D3-BF4B-00C04F79EFBC}") = "OneHUDData", "..\AGData\OneHUDData.csproj", "{9F2B6482-BDC7-468A-839F-23393A239DCD}"
EndProject
Project("{2150E333-8FDC-42A3-9474-1A3956D46DE8}") = "Solution Items", "Solution Items", "{F370B43C-251C-4207-B1A8-DACEAE441FBE}"
	ProjectSection(SolutionItems) = preProject
		notes.txt = notes.txt
		..\README.md = ..\README.md
	EndProjectSection
EndProject
Project("{FAE04EC0-301F-11D3-BF4B-00C04F79EFBC}") = "websocket-sharp", "..\..\websocket-sharp\websocket-sharp\websocket-sharp.csproj", "{B357BAC7-529E-4D81-A0D2-71041B19C8DE}"
EndProject
Project("{2150E333-8FDC-42A3-9474-1A3956D46DE8}") = "Yaml Samples", "Yaml Samples", "{ED0134DC-B89E-4691-9FE3-98A09FED77AA}"
	ProjectSection(SolutionItems) = preProject
		Team yaml.txt = Team yaml.txt
		yaml1.txt = yaml1.txt
	EndProjectSection
EndProject
Project("{FAE04EC0-301F-11D3-BF4B-00C04F79EFBC}") = "ProjectCars2", "..\ProjectCars2\ProjectCars2.csproj", "{4909D37C-5085-42C7-A738-4B63FAFF2655}"
EndProject
Global
	GlobalSection(SolutionConfigurationPlatforms) = preSolution
		Debug_Ubuntu|Any CPU = Debug_Ubuntu|Any CPU
		Debug|Any CPU = Debug|Any CPU
		Release_Ubuntu|Any CPU = Release_Ubuntu|Any CPU
		Release|Any CPU = Release|Any CPU
	EndGlobalSection
	GlobalSection(ProjectConfigurationPlatforms) = postSolution
		{93DD9A53-1B0D-420F-BCCC-61AD40FF9864}.Debug_Ubuntu|Any CPU.ActiveCfg = Debug|Any CPU
		{93DD9A53-1B0D-420F-BCCC-61AD40FF9864}.Debug_Ubuntu|Any CPU.Build.0 = Debug|Any CPU
		{93DD9A53-1B0D-420F-BCCC-61AD40FF9864}.Debug|Any CPU.ActiveCfg = Debug|Any CPU
		{93DD9A53-1B0D-420F-BCCC-61AD40FF9864}.Debug|Any CPU.Build.0 = Debug|Any CPU
		{93DD9A53-1B0D-420F-BCCC-61AD40FF9864}.Release_Ubuntu|Any CPU.ActiveCfg = Release|Any CPU
		{93DD9A53-1B0D-420F-BCCC-61AD40FF9864}.Release_Ubuntu|Any CPU.Build.0 = Release|Any CPU
		{93DD9A53-1B0D-420F-BCCC-61AD40FF9864}.Release|Any CPU.ActiveCfg = Release|Any CPU
		{93DD9A53-1B0D-420F-BCCC-61AD40FF9864}.Release|Any CPU.Build.0 = Release|Any CPU
		{72631B85-EB9A-473E-9B4C-65B355A9000D}.Debug_Ubuntu|Any CPU.ActiveCfg = Debug|Any CPU
		{72631B85-EB9A-473E-9B4C-65B355A9000D}.Debug_Ubuntu|Any CPU.Build.0 = Debug|Any CPU
		{72631B85-EB9A-473E-9B4C-65B355A9000D}.Debug|Any CPU.ActiveCfg = Debug|Any CPU
		{72631B85-EB9A-473E-9B4C-65B355A9000D}.Debug|Any CPU.Build.0 = Debug|Any CPU
		{72631B85-EB9A-473E-9B4C-65B355A9000D}.Release_Ubuntu|Any CPU.ActiveCfg = Release|Any CPU
		{72631B85-EB9A-473E-9B4C-65B355A9000D}.Release_Ubuntu|Any CPU.Build.0 = Release|Any CPU
		{72631B85-EB9A-473E-9B4C-65B355A9000D}.Release|Any CPU.ActiveCfg = Release|Any CPU
		{72631B85-EB9A-473E-9B4C-65B355A9000D}.Release|Any CPU.Build.0 = Release|Any CPU
		{1765E7DB-BEE4-4324-A396-923D80B61EA0}.Debug_Ubuntu|Any CPU.ActiveCfg = Debug|Any CPU
		{1765E7DB-BEE4-4324-A396-923D80B61EA0}.Debug_Ubuntu|Any CPU.Build.0 = Debug|Any CPU
		{1765E7DB-BEE4-4324-A396-923D80B61EA0}.Debug|Any CPU.ActiveCfg = Debug|Any CPU
		{1765E7DB-BEE4-4324-A396-923D80B61EA0}.Debug|Any CPU.Build.0 = Debug|Any CPU
		{1765E7DB-BEE4-4324-A396-923D80B61EA0}.Release_Ubuntu|Any CPU.ActiveCfg = Release|Any CPU
		{1765E7DB-BEE4-4324-A396-923D80B61EA0}.Release_Ubuntu|Any CPU.Build.0 = Release|Any CPU
		{1765E7DB-BEE4-4324-A396-923D80B61EA0}.Release|Any CPU.ActiveCfg = Release|Any CPU
		{1765E7DB-BEE4-4324-A396-923D80B61EA0}.Release|Any CPU.Build.0 = Release|Any CPU
		{D6DB568B-35B3-49EB-8CB3-E4E5F1424247}.Debug_Ubuntu|Any CPU.ActiveCfg = Debug|Any CPU
		{D6DB568B-35B3-49EB-8CB3-E4E5F1424247}.Debug_Ubuntu|Any CPU.Build.0 = Debug|Any CPU
		{D6DB568B-35B3-49EB-8CB3-E4E5F1424247}.Debug|Any CPU.ActiveCfg = Debug|Any CPU
		{D6DB568B-35B3-49EB-8CB3-E4E5F1424247}.Debug|Any CPU.Build.0 = Debug|Any CPU
		{D6DB568B-35B3-49EB-8CB3-E4E5F1424247}.Release_Ubuntu|Any CPU.ActiveCfg = Release|Any CPU
		{D6DB568B-35B3-49EB-8CB3-E4E5F1424247}.Release_Ubuntu|Any CPU.Build.0 = Release|Any CPU
		{D6DB568B-35B3-49EB-8CB3-E4E5F1424247}.Release|Any CPU.ActiveCfg = Release|Any CPU
		{D6DB568B-35B3-49EB-8CB3-E4E5F1424247}.Release|Any CPU.Build.0 = Release|Any CPU
		{212DDA7C-2447-478D-AAED-09DC4BEE3241}.Debug_Ubuntu|Any CPU.ActiveCfg = Debug|Any CPU
		{212DDA7C-2447-478D-AAED-09DC4BEE3241}.Debug_Ubuntu|Any CPU.Build.0 = Debug|Any CPU
		{212DDA7C-2447-478D-AAED-09DC4BEE3241}.Debug|Any CPU.ActiveCfg = Debug|Any CPU
		{212DDA7C-2447-478D-AAED-09DC4BEE3241}.Debug|Any CPU.Build.0 = Debug|Any CPU
		{212DDA7C-2447-478D-AAED-09DC4BEE3241}.Release_Ubuntu|Any CPU.ActiveCfg = Release|Any CPU
		{212DDA7C-2447-478D-AAED-09DC4BEE3241}.Release_Ubuntu|Any CPU.Build.0 = Release|Any CPU
		{212DDA7C-2447-478D-AAED-09DC4BEE3241}.Release|Any CPU.ActiveCfg = Release|Any CPU
		{212DDA7C-2447-478D-AAED-09DC4BEE3241}.Release|Any CPU.Build.0 = Release|Any CPU
		{06E43073-7011-4B38-82E1-4E100E4BA5AB}.Debug_Ubuntu|Any CPU.ActiveCfg = Debug|Any CPU
		{06E43073-7011-4B38-82E1-4E100E4BA5AB}.Debug_Ubuntu|Any CPU.Build.0 = Debug|Any CPU
		{06E43073-7011-4B38-82E1-4E100E4BA5AB}.Debug|Any CPU.ActiveCfg = Debug|Any CPU
		{06E43073-7011-4B38-82E1-4E100E4BA5AB}.Debug|Any CPU.Build.0 = Debug|Any CPU
		{06E43073-7011-4B38-82E1-4E100E4BA5AB}.Release_Ubuntu|Any CPU.ActiveCfg = Release|Any CPU
		{06E43073-7011-4B38-82E1-4E100E4BA5AB}.Release_Ubuntu|Any CPU.Build.0 = Release|Any CPU
		{06E43073-7011-4B38-82E1-4E100E4BA5AB}.Release|Any CPU.ActiveCfg = Release|Any CPU
		{06E43073-7011-4B38-82E1-4E100E4BA5AB}.Release|Any CPU.Build.0 = Release|Any CPU
		{C41968FA-A182-45EB-A814-712F075953ED}.Debug_Ubuntu|Any CPU.ActiveCfg = Debug|Any CPU
		{C41968FA-A182-45EB-A814-712F075953ED}.Debug_Ubuntu|Any CPU.Build.0 = Debug|Any CPU
		{C41968FA-A182-45EB-A814-712F075953ED}.Debug|Any CPU.ActiveCfg = Debug|Any CPU
		{C41968FA-A182-45EB-A814-712F075953ED}.Debug|Any CPU.Build.0 = Debug|Any CPU
		{C41968FA-A182-45EB-A814-712F075953ED}.Release_Ubuntu|Any CPU.ActiveCfg = Release|Any CPU
		{C41968FA-A182-45EB-A814-712F075953ED}.Release_Ubuntu|Any CPU.Build.0 = Release|Any CPU
		{C41968FA-A182-45EB-A814-712F075953ED}.Release|Any CPU.ActiveCfg = Release|Any CPU
		{C41968FA-A182-45EB-A814-712F075953ED}.Release|Any CPU.Build.0 = Release|Any CPU
		{D9BA97DA-4F23-4945-A8DC-08B721F84BDE}.Debug_Ubuntu|Any CPU.ActiveCfg = Debug|Any CPU
		{D9BA97DA-4F23-4945-A8DC-08B721F84BDE}.Debug_Ubuntu|Any CPU.Build.0 = Debug|Any CPU
		{D9BA97DA-4F23-4945-A8DC-08B721F84BDE}.Debug|Any CPU.ActiveCfg = Debug|Any CPU
		{D9BA97DA-4F23-4945-A8DC-08B721F84BDE}.Debug|Any CPU.Build.0 = Debug|Any CPU
		{D9BA97DA-4F23-4945-A8DC-08B721F84BDE}.Release_Ubuntu|Any CPU.ActiveCfg = Release|Any CPU
		{D9BA97DA-4F23-4945-A8DC-08B721F84BDE}.Release_Ubuntu|Any CPU.Build.0 = Release|Any CPU
		{D9BA97DA-4F23-4945-A8DC-08B721F84BDE}.Release|Any CPU.ActiveCfg = Release|Any CPU
		{D9BA97DA-4F23-4945-A8DC-08B721F84BDE}.Release|Any CPU.Build.0 = Release|Any CPU
		{D0CE7037-F32F-492F-8812-9956345E4BF0}.Debug_Ubuntu|Any CPU.ActiveCfg = Debug|Any CPU
		{D0CE7037-F32F-492F-8812-9956345E4BF0}.Debug_Ubuntu|Any CPU.Build.0 = Debug|Any CPU
		{D0CE7037-F32F-492F-8812-9956345E4BF0}.Debug|Any CPU.ActiveCfg = Debug|Any CPU
		{D0CE7037-F32F-492F-8812-9956345E4BF0}.Debug|Any CPU.Build.0 = Debug|Any CPU
		{D0CE7037-F32F-492F-8812-9956345E4BF0}.Release_Ubuntu|Any CPU.ActiveCfg = Release|Any CPU
		{D0CE7037-F32F-492F-8812-9956345E4BF0}.Release_Ubuntu|Any CPU.Build.0 = Release|Any CPU
		{D0CE7037-F32F-492F-8812-9956345E4BF0}.Release|Any CPU.ActiveCfg = Release|Any CPU
		{D0CE7037-F32F-492F-8812-9956345E4BF0}.Release|Any CPU.Build.0 = Release|Any CPU
		{9F2B6482-BDC7-468A-839F-23393A239DCD}.Debug_Ubuntu|Any CPU.ActiveCfg = Debug|Any CPU
		{9F2B6482-BDC7-468A-839F-23393A239DCD}.Debug_Ubuntu|Any CPU.Build.0 = Debug|Any CPU
		{9F2B6482-BDC7-468A-839F-23393A239DCD}.Debug|Any CPU.ActiveCfg = Debug|Any CPU
		{9F2B6482-BDC7-468A-839F-23393A239DCD}.Debug|Any CPU.Build.0 = Debug|Any CPU
		{9F2B6482-BDC7-468A-839F-23393A239DCD}.Release_Ubuntu|Any CPU.ActiveCfg = Release|Any CPU
		{9F2B6482-BDC7-468A-839F-23393A239DCD}.Release_Ubuntu|Any CPU.Build.0 = Release|Any CPU
		{9F2B6482-BDC7-468A-839F-23393A239DCD}.Release|Any CPU.ActiveCfg = Release|Any CPU
		{9F2B6482-BDC7-468A-839F-23393A239DCD}.Release|Any CPU.Build.0 = Release|Any CPU
		{B357BAC7-529E-4D81-A0D2-71041B19C8DE}.Debug_Ubuntu|Any CPU.ActiveCfg = Debug_Ubuntu|Any CPU
		{B357BAC7-529E-4D81-A0D2-71041B19C8DE}.Debug_Ubuntu|Any CPU.Build.0 = Debug_Ubuntu|Any CPU
		{B357BAC7-529E-4D81-A0D2-71041B19C8DE}.Debug|Any CPU.ActiveCfg = Debug|Any CPU
		{B357BAC7-529E-4D81-A0D2-71041B19C8DE}.Debug|Any CPU.Build.0 = Debug|Any CPU
		{B357BAC7-529E-4D81-A0D2-71041B19C8DE}.Release_Ubuntu|Any CPU.ActiveCfg = Release_Ubuntu|Any CPU
		{B357BAC7-529E-4D81-A0D2-71041B19C8DE}.Release_Ubuntu|Any CPU.Build.0 = Release_Ubuntu|Any CPU
		{B357BAC7-529E-4D81-A0D2-71041B19C8DE}.Release|Any CPU.ActiveCfg = Release|Any CPU
		{B357BAC7-529E-4D81-A0D2-71041B19C8DE}.Release|Any CPU.Build.0 = Release|Any CPU
		{4909D37C-5085-42C7-A738-4B63FAFF2655}.Debug_Ubuntu|Any CPU.ActiveCfg = Debug|Any CPU
		{4909D37C-5085-42C7-A738-4B63FAFF2655}.Debug_Ubuntu|Any CPU.Build.0 = Debug|Any CPU
		{4909D37C-5085-42C7-A738-4B63FAFF2655}.Debug|Any CPU.ActiveCfg = Debug|Any CPU
		{4909D37C-5085-42C7-A738-4B63FAFF2655}.Debug|Any CPU.Build.0 = Debug|Any CPU
		{4909D37C-5085-42C7-A738-4B63FAFF2655}.Release_Ubuntu|Any CPU.ActiveCfg = Release|Any CPU
		{4909D37C-5085-42C7-A738-4B63FAFF2655}.Release_Ubuntu|Any CPU.Build.0 = Release|Any CPU
		{4909D37C-5085-42C7-A738-4B63FAFF2655}.Release|Any CPU.ActiveCfg = Release|Any CPU
		{4909D37C-5085-42C7-A738-4B63FAFF2655}.Release|Any CPU.Build.0 = Release|Any CPU
	EndGlobalSection
	GlobalSection(SolutionProperties) = preSolution
		HideSolutionNode = FALSE
	EndGlobalSection
	GlobalSection(NestedProjects) = preSolution
		{ED0134DC-B89E-4691-9FE3-98A09FED77AA} = {F370B43C-251C-4207-B1A8-DACEAE441FBE}
	EndGlobalSection
EndGlobal
